// !$*UTF8*$!
{
	archiveVersion = 1;
	classes = {
	};
	objectVersion = 56;
	objects = {

/* Begin PBXBuildFile section */
		40E5A2AA2C484A3600680E84 /* Trivia_GameApp.swift in Sources */ = {isa = PBXBuildFile; fileRef = 40E5A2A92C484A3600680E84 /* Trivia_GameApp.swift */; };
		40E5A2AC2C484A3600680E84 /* ContentView.swift in Sources */ = {isa = PBXBuildFile; fileRef = 40E5A2AB2C484A3600680E84 /* ContentView.swift */; };
		40E5A2AE2C484A3900680E84 /* Assets.xcassets in Resources */ = {isa = PBXBuildFile; fileRef = 40E5A2AD2C484A3900680E84 /* Assets.xcassets */; };
		40E5A2B12C484A3900680E84 /* Preview Assets.xcassets in Resources */ = {isa = PBXBuildFile; fileRef = 40E5A2B02C484A3900680E84 /* Preview Assets.xcassets */; };
		40E5A2B92C49325100680E84 /* PrimaryButton.swift in Sources */ = {isa = PBXBuildFile; fileRef = 40E5A2B82C49325100680E84 /* PrimaryButton.swift */; };
		40E5A2BC2C49407000680E84 /* Extensions.swift in Sources */ = {isa = PBXBuildFile; fileRef = 40E5A2BB2C49407000680E84 /* Extensions.swift */; };
		40E5A2BE2C49419300680E84 /* QuestionView.swift in Sources */ = {isa = PBXBuildFile; fileRef = 40E5A2BD2C49419300680E84 /* QuestionView.swift */; };
		40E5A2C02C4943A500680E84 /* ProgressBar.swift in Sources */ = {isa = PBXBuildFile; fileRef = 40E5A2BF2C4943A500680E84 /* ProgressBar.swift */; };
		40E5A2C32C49488800680E84 /* Answer.swift in Sources */ = {isa = PBXBuildFile; fileRef = 40E5A2C22C49488800680E84 /* Answer.swift */; };
/* End PBXBuildFile section */

/* Begin PBXFileReference section */
		40E5A2A62C484A3600680E84 /* Trivia Game.app */ = {isa = PBXFileReference; explicitFileType = wrapper.application; includeInIndex = 0; path = "Trivia Game.app"; sourceTree = BUILT_PRODUCTS_DIR; };
		40E5A2A92C484A3600680E84 /* Trivia_GameApp.swift */ = {isa = PBXFileReference; lastKnownFileType = sourcecode.swift; path = Trivia_GameApp.swift; sourceTree = "<group>"; };
		40E5A2AB2C484A3600680E84 /* ContentView.swift */ = {isa = PBXFileReference; lastKnownFileType = sourcecode.swift; path = ContentView.swift; sourceTree = "<group>"; };
		40E5A2AD2C484A3900680E84 /* Assets.xcassets */ = {isa = PBXFileReference; lastKnownFileType = folder.assetcatalog; path = Assets.xcassets; sourceTree = "<group>"; };
		40E5A2B02C484A3900680E84 /* Preview Assets.xcassets */ = {isa = PBXFileReference; lastKnownFileType = folder.assetcatalog; path = "Preview Assets.xcassets"; sourceTree = "<group>"; };
		40E5A2B82C49325100680E84 /* PrimaryButton.swift */ = {isa = PBXFileReference; lastKnownFileType = sourcecode.swift; path = PrimaryButton.swift; sourceTree = "<group>"; };
		40E5A2BB2C49407000680E84 /* Extensions.swift */ = {isa = PBXFileReference; lastKnownFileType = sourcecode.swift; path = Extensions.swift; sourceTree = "<group>"; };
		40E5A2BD2C49419300680E84 /* QuestionView.swift */ = {isa = PBXFileReference; lastKnownFileType = sourcecode.swift; path = QuestionView.swift; sourceTree = "<group>"; };
		40E5A2BF2C4943A500680E84 /* ProgressBar.swift */ = {isa = PBXFileReference; lastKnownFileType = sourcecode.swift; path = ProgressBar.swift; sourceTree = "<group>"; };
		40E5A2C22C49488800680E84 /* Answer.swift */ = {isa = PBXFileReference; lastKnownFileType = sourcecode.swift; path = Answer.swift; sourceTree = "<group>"; };
/* End PBXFileReference section */

/* Begin PBXFrameworksBuildPhase section */
		40E5A2A32C484A3600680E84 /* Frameworks */ = {
			isa = PBXFrameworksBuildPhase;
			buildActionMask = 2147483647;
			files = (
			);
			runOnlyForDeploymentPostprocessing = 0;
		};
/* End PBXFrameworksBuildPhase section */

/* Begin PBXGroup section */
		40E5A29D2C484A3600680E84 = {
			isa = PBXGroup;
			children = (
				40E5A2A82C484A3600680E84 /* Trivia Game */,
				40E5A2A72C484A3600680E84 /* Products */,
			);
			sourceTree = "<group>";
		};
		40E5A2A72C484A3600680E84 /* Products */ = {
			isa = PBXGroup;
			children = (
				40E5A2A62C484A3600680E84 /* Trivia Game.app */,
			);
			name = Products;
			sourceTree = "<group>";
		};
		40E5A2A82C484A3600680E84 /* Trivia Game */ = {
			isa = PBXGroup;
			children = (
				40E5A2C12C49487200680E84 /* Modals */,
				40E5A2A92C484A3600680E84 /* Trivia_GameApp.swift */,
				40E5A2BA2C4934C300680E84 /* Views */,
				40E5A2B72C49323600680E84 /* Components */,
				40E5A2AD2C484A3900680E84 /* Assets.xcassets */,
				40E5A2AF2C484A3900680E84 /* Preview Content */,
				40E5A2BB2C49407000680E84 /* Extensions.swift */,
			);
			path = "Trivia Game";
			sourceTree = "<group>";
		};
		40E5A2AF2C484A3900680E84 /* Preview Content */ = {
			isa = PBXGroup;
			children = (
				40E5A2B02C484A3900680E84 /* Preview Assets.xcassets */,
			);
			path = "Preview Content";
			sourceTree = "<group>";
		};
		40E5A2B72C49323600680E84 /* Components */ = {
			isa = PBXGroup;
			children = (
				40E5A2B82C49325100680E84 /* PrimaryButton.swift */,
				40E5A2BF2C4943A500680E84 /* ProgressBar.swift */,
			);
			path = Components;
			sourceTree = "<group>";
		};
		40E5A2BA2C4934C300680E84 /* Views */ = {
			isa = PBXGroup;
			children = (
				40E5A2AB2C484A3600680E84 /* ContentView.swift */,
				40E5A2BD2C49419300680E84 /* QuestionView.swift */,
			);
			path = Views;
			sourceTree = "<group>";
		};
		40E5A2C12C49487200680E84 /* Modals */ = {
			isa = PBXGroup;
			children = (
				40E5A2C22C49488800680E84 /* Answer.swift */,
			);
			path = Modals;
			sourceTree = "<group>";
		};
/* End PBXGroup section */

/* Begin PBXNativeTarget section */
		40E5A2A52C484A3600680E84 /* Trivia Game */ = {
			isa = PBXNativeTarget;
			buildConfigurationList = 40E5A2B42C484A3900680E84 /* Build configuration list for PBXNativeTarget "Trivia Game" */;
			buildPhases = (
				40E5A2A22C484A3600680E84 /* Sources */,
				40E5A2A32C484A3600680E84 /* Frameworks */,
				40E5A2A42C484A3600680E84 /* Resources */,
			);
			buildRules = (
			);
			dependencies = (
			);
			name = "Trivia Game";
			productName = "Trivia Game";
			productReference = 40E5A2A62C484A3600680E84 /* Trivia Game.app */;
			productType = "com.apple.product-type.application";
		};
/* End PBXNativeTarget section */

/* Begin PBXProject section */
		40E5A29E2C484A3600680E84 /* Project object */ = {
			isa = PBXProject;
			attributes = {
				BuildIndependentTargetsInParallel = 1;
				LastSwiftUpdateCheck = 1520;
				LastUpgradeCheck = 1520;
				TargetAttributes = {
					40E5A2A52C484A3600680E84 = {
						CreatedOnToolsVersion = 15.2;
					};
				};
			};
			buildConfigurationList = 40E5A2A12C484A3600680E84 /* Build configuration list for PBXProject "Trivia Game" */;
			compatibilityVersion = "Xcode 14.0";
			developmentRegion = en;
			hasScannedForEncodings = 0;
			knownRegions = (
				en,
				Base,
			);
			mainGroup = 40E5A29D2C484A3600680E84;
			productRefGroup = 40E5A2A72C484A3600680E84 /* Products */;
			projectDirPath = "";
			projectRoot = "";
			targets = (
				40E5A2A52C484A3600680E84 /* Trivia Game */,
			);
		};
/* End PBXProject section */

/* Begin PBXResourcesBuildPhase section */
		40E5A2A42C484A3600680E84 /* Resources */ = {
			isa = PBXResourcesBuildPhase;
			buildActionMask = 2147483647;
			files = (
				40E5A2B12C484A3900680E84 /* Preview Assets.xcassets in Resources */,
				40E5A2AE2C484A3900680E84 /* Assets.xcassets in Resources */,
			);
			runOnlyForDeploymentPostprocessing = 0;
		};
/* End PBXResourcesBuildPhase section */

/* Begin PBXSourcesBuildPhase section */
		40E5A2A22C484A3600680E84 /* Sources */ = {
			isa = PBXSourcesBuildPhase;
			buildActionMask = 2147483647;
			files = (
				40E5A2BE2C49419300680E84 /* QuestionView.swift in Sources */,
				40E5A2B92C49325100680E84 /* PrimaryButton.swift in Sources */,
				40E5A2AC2C484A3600680E84 /* ContentView.swift in Sources */,
				40E5A2C32C49488800680E84 /* Answer.swift in Sources */,
				40E5A2AA2C484A3600680E84 /* Trivia_GameApp.swift in Sources */,
				40E5A2C02C4943A500680E84 /* ProgressBar.swift in Sources */,
				40E5A2BC2C49407000680E84 /* Extensions.swift in Sources */,
			);
			runOnlyForDeploymentPostprocessing = 0;
		};
/* End PBXSourcesBuildPhase section */

/* Begin XCBuildConfiguration section */
		40E5A2B22C484A3900680E84 /* Debug */ = {
			isa = XCBuildConfiguration;
			buildSettings = {
				ALWAYS_SEARCH_USER_PATHS = NO;
				ASSETCATALOG_COMPILER_GENERATE_SWIFT_ASSET_SYMBOL_EXTENSIONS = YES;
				CLANG_ANALYZER_NONNULL = YES;
				CLANG_ANALYZER_NUMBER_OBJECT_CONVERSION = YES_AGGRESSIVE;
				CLANG_CXX_LANGUAGE_STANDARD = "gnu++20";
				CLANG_ENABLE_MODULES = YES;
				CLANG_ENABLE_OBJC_ARC = YES;
				CLANG_ENABLE_OBJC_WEAK = YES;
				CLANG_WARN_BLOCK_CAPTURE_AUTORELEASING = YES;
				CLANG_WARN_BOOL_CONVERSION = YES;
				CLANG_WARN_COMMA = YES;
				CLANG_WARN_CONSTANT_CONVERSION = YES;
				CLANG_WARN_DEPRECATED_OBJC_IMPLEMENTATIONS = YES;
				CLANG_WARN_DIRECT_OBJC_ISA_USAGE = YES_ERROR;
				CLANG_WARN_DOCUMENTATION_COMMENTS = YES;
				CLANG_WARN_EMPTY_BODY = YES;
				CLANG_WARN_ENUM_CONVERSION = YES;
				CLANG_WARN_INFINITE_RECURSION = YES;
				CLANG_WARN_INT_CONVERSION = YES;
				CLANG_WARN_NON_LITERAL_NULL_CONVERSION = YES;
				CLANG_WARN_OBJC_IMPLICIT_RETAIN_SELF = YES;
				CLANG_WARN_OBJC_LITERAL_CONVERSION = YES;
				CLANG_WARN_OBJC_ROOT_CLASS = YES_ERROR;
				CLANG_WARN_QUOTED_INCLUDE_IN_FRAMEWORK_HEADER = YES;
				CLANG_WARN_RANGE_LOOP_ANALYSIS = YES;
				CLANG_WARN_STRICT_PROTOTYPES = YES;
				CLANG_WARN_SUSPICIOUS_MOVE = YES;
				CLANG_WARN_UNGUARDED_AVAILABILITY = YES_AGGRESSIVE;
				CLANG_WARN_UNREACHABLE_CODE = YES;
				CLANG_WARN__DUPLICATE_METHOD_MATCH = YES;
				COPY_PHASE_STRIP = NO;
				DEBUG_INFORMATION_FORMAT = dwarf;
				ENABLE_STRICT_OBJC_MSGSEND = YES;
				ENABLE_TESTABILITY = YES;
				ENABLE_USER_SCRIPT_SANDBOXING = YES;
				GCC_C_LANGUAGE_STANDARD = gnu17;
				GCC_DYNAMIC_NO_PIC = NO;
				GCC_NO_COMMON_BLOCKS = YES;
				GCC_OPTIMIZATION_LEVEL = 0;
				GCC_PREPROCESSOR_DEFINITIONS = (
					"DEBUG=1",
					"$(inherited)",
				);
				GCC_WARN_64_TO_32_BIT_CONVERSION = YES;
				GCC_WARN_ABOUT_RETURN_TYPE = YES_ERROR;
				GCC_WARN_UNDECLARED_SELECTOR = YES;
				GCC_WARN_UNINITIALIZED_AUTOS = YES_AGGRESSIVE;
				GCC_WARN_UNUSED_FUNCTION = YES;
				GCC_WARN_UNUSED_VARIABLE = YES;
				IPHONEOS_DEPLOYMENT_TARGET = 17.2;
				LOCALIZATION_PREFERS_STRING_CATALOGS = YES;
				MTL_ENABLE_DEBUG_INFO = INCLUDE_SOURCE;
				MTL_FAST_MATH = YES;
				ONLY_ACTIVE_ARCH = YES;
				SDKROOT = iphoneos;
				SWIFT_ACTIVE_COMPILATION_CONDITIONS = "DEBUG $(inherited)";
				SWIFT_OPTIMIZATION_LEVEL = "-Onone";
			};
			name = Debug;
		};
		40E5A2B32C484A3900680E84 /* Release */ = {
			isa = XCBuildConfiguration;
			buildSettings = {
				ALWAYS_SEARCH_USER_PATHS = NO;
				ASSETCATALOG_COMPILER_GENERATE_SWIFT_ASSET_SYMBOL_EXTENSIONS = YES;
				CLANG_ANALYZER_NONNULL = YES;
				CLANG_ANALYZER_NUMBER_OBJECT_CONVERSION = YES_AGGRESSIVE;
				CLANG_CXX_LANGUAGE_STANDARD = "gnu++20";
				CLANG_ENABLE_MODULES = YES;
				CLANG_ENABLE_OBJC_ARC = YES;
				CLANG_ENABLE_OBJC_WEAK = YES;
				CLANG_WARN_BLOCK_CAPTURE_AUTORELEASING = YES;
				CLANG_WARN_BOOL_CONVERSION = YES;
				CLANG_WARN_COMMA = YES;
				CLANG_WARN_CONSTANT_CONVERSION = YES;
				CLANG_WARN_DEPRECATED_OBJC_IMPLEMENTATIONS = YES;
				CLANG_WARN_DIRECT_OBJC_ISA_USAGE = YES_ERROR;
				CLANG_WARN_DOCUMENTATION_COMMENTS = YES;
				CLANG_WARN_EMPTY_BODY = YES;
				CLANG_WARN_ENUM_CONVERSION = YES;
				CLANG_WARN_INFINITE_RECURSION = YES;
				CLANG_WARN_INT_CONVERSION = YES;
				CLANG_WARN_NON_LITERAL_NULL_CONVERSION = YES;
				CLANG_WARN_OBJC_IMPLICIT_RETAIN_SELF = YES;
				CLANG_WARN_OBJC_LITERAL_CONVERSION = YES;
				CLANG_WARN_OBJC_ROOT_CLASS = YES_ERROR;
				CLANG_WARN_QUOTED_INCLUDE_IN_FRAMEWORK_HEADER = YES;
				CLANG_WARN_RANGE_LOOP_ANALYSIS = YES;
				CLANG_WARN_STRICT_PROTOTYPES = YES;
				CLANG_WARN_SUSPICIOUS_MOVE = YES;
				CLANG_WARN_UNGUARDED_AVAILABILITY = YES_AGGRESSIVE;
				CLANG_WARN_UNREACHABLE_CODE = YES;
				CLANG_WARN__DUPLICATE_METHOD_MATCH = YES;
				COPY_PHASE_STRIP = NO;
				DEBUG_INFORMATION_FORMAT = "dwarf-with-dsym";
				ENABLE_NS_ASSERTIONS = NO;
				ENABLE_STRICT_OBJC_MSGSEND = YES;
				ENABLE_USER_SCRIPT_SANDBOXING = YES;
				GCC_C_LANGUAGE_STANDARD = gnu17;
				GCC_NO_COMMON_BLOCKS = YES;
				GCC_WARN_64_TO_32_BIT_CONVERSION = YES;
				GCC_WARN_ABOUT_RETURN_TYPE = YES_ERROR;
				GCC_WARN_UNDECLARED_SELECTOR = YES;
				GCC_WARN_UNINITIALIZED_AUTOS = YES_AGGRESSIVE;
				GCC_WARN_UNUSED_FUNCTION = YES;
				GCC_WARN_UNUSED_VARIABLE = YES;
				IPHONEOS_DEPLOYMENT_TARGET = 17.2;
				LOCALIZATION_PREFERS_STRING_CATALOGS = YES;
				MTL_ENABLE_DEBUG_INFO = NO;
				MTL_FAST_MATH = YES;
				SDKROOT = iphoneos;
				SWIFT_COMPILATION_MODE = wholemodule;
				VALIDATE_PRODUCT = YES;
			};
			name = Release;
		};
		40E5A2B52C484A3900680E84 /* Debug */ = {
			isa = XCBuildConfiguration;
			buildSettings = {
				ASSETCATALOG_COMPILER_APPICON_NAME = AppIcon;
				ASSETCATALOG_COMPILER_GLOBAL_ACCENT_COLOR_NAME = AccentColor;
				CODE_SIGN_STYLE = Automatic;
				CURRENT_PROJECT_VERSION = 1;
				DEVELOPMENT_ASSET_PATHS = "\"Trivia Game/Preview Content\"";
				DEVELOPMENT_TEAM = 79BT787T5X;
				ENABLE_PREVIEWS = YES;
				GENERATE_INFOPLIST_FILE = YES;
				INFOPLIST_KEY_UIApplicationSceneManifest_Generation = YES;
				INFOPLIST_KEY_UIApplicationSupportsIndirectInputEvents = YES;
				INFOPLIST_KEY_UILaunchScreen_Generation = YES;
				INFOPLIST_KEY_UISupportedInterfaceOrientations_iPad = "UIInterfaceOrientationPortrait UIInterfaceOrientationPortraitUpsideDown UIInterfaceOrientationLandscapeLeft UIInterfaceOrientationLandscapeRight";
				INFOPLIST_KEY_UISupportedInterfaceOrientations_iPhone = "UIInterfaceOrientationPortrait UIInterfaceOrientationLandscapeLeft UIInterfaceOrientationLandscapeRight";
				LD_RUNPATH_SEARCH_PATHS = (
					"$(inherited)",
					"@executable_path/Frameworks",
				);
				MARKETING_VERSION = 1.0;
				PRODUCT_BUNDLE_IDENTIFIER = "com.esma.Trivia-Game";
				PRODUCT_NAME = "$(TARGET_NAME)";
				SWIFT_EMIT_LOC_STRINGS = YES;
				SWIFT_VERSION = 5.0;
				TARGETED_DEVICE_FAMILY = "1,2";
			};
			name = Debug;
		};
		40E5A2B62C484A3900680E84 /* Release */ = {
			isa = XCBuildConfiguration;
			buildSettings = {
				ASSETCATALOG_COMPILER_APPICON_NAME = AppIcon;
				ASSETCATALOG_COMPILER_GLOBAL_ACCENT_COLOR_NAME = AccentColor;
				CODE_SIGN_STYLE = Automatic;
				CURRENT_PROJECT_VERSION = 1;
				DEVELOPMENT_ASSET_PATHS = "\"Trivia Game/Preview Content\"";
				DEVELOPMENT_TEAM = 79BT787T5X;
				ENABLE_PREVIEWS = YES;
				GENERATE_INFOPLIST_FILE = YES;
				INFOPLIST_KEY_UIApplicationSceneManifest_Generation = YES;
				INFOPLIST_KEY_UIApplicationSupportsIndirectInputEvents = YES;
				INFOPLIST_KEY_UILaunchScreen_Generation = YES;
				INFOPLIST_KEY_UISupportedInterfaceOrientations_iPad = "UIInterfaceOrientationPortrait UIInterfaceOrientationPortraitUpsideDown UIInterfaceOrientationLandscapeLeft UIInterfaceOrientationLandscapeRight";
				INFOPLIST_KEY_UISupportedInterfaceOrientations_iPhone = "UIInterfaceOrientationPortrait UIInterfaceOrientationLandscapeLeft UIInterfaceOrientationLandscapeRight";
				LD_RUNPATH_SEARCH_PATHS = (
					"$(inherited)",
					"@executable_path/Frameworks",
				);
				MARKETING_VERSION = 1.0;
				PRODUCT_BUNDLE_IDENTIFIER = "com.esma.Trivia-Game";
				PRODUCT_NAME = "$(TARGET_NAME)";
				SWIFT_EMIT_LOC_STRINGS = YES;
				SWIFT_VERSION = 5.0;
				TARGETED_DEVICE_FAMILY = "1,2";
			};
			name = Release;
		};
/* End XCBuildConfiguration section */

/* Begin XCConfigurationList section */
		40E5A2A12C484A3600680E84 /* Build configuration list for PBXProject "Trivia Game" */ = {
			isa = XCConfigurationList;
			buildConfigurations = (
				40E5A2B22C484A3900680E84 /* Debug */,
				40E5A2B32C484A3900680E84 /* Release */,
			);
			defaultConfigurationIsVisible = 0;
			defaultConfigurationName = Release;
		};
		40E5A2B42C484A3900680E84 /* Build configuration list for PBXNativeTarget "Trivia Game" */ = {
			isa = XCConfigurationList;
			buildConfigurations = (
				40E5A2B52C484A3900680E84 /* Debug */,
				40E5A2B62C484A3900680E84 /* Release */,
			);
			defaultConfigurationIsVisible = 0;
			defaultConfigurationName = Release;
		};
/* End XCConfigurationList section */
	};
	rootObject = 40E5A29E2C484A3600680E84 /* Project object */;
}
